{
  "name": "dephkit-example",
  "version": "1.0.0",
  "lockfileVersion": 1,
  "requires": true,
  "dependencies": {
    "depthkit": {
      "version": "1.0.0",
      "resolved": "https://registry.npmjs.org/depthkit/-/depthkit-1.0.0.tgz",
      "integrity": "sha512-GkgQQqNj9svOM5zpMhrho/WomH5egdABLr2aoOuSG1+bIQidEo+XwxK8iQLzJqHgjuyAk7VZi3pnCDMsfZYNlg==",
      "requires": {
        "three": "^0.87.1",
        "webvr-polyfill": "^0.9.36"
      },
      "dependencies": {
        "three": {
          "version": "0.87.1",
          "resolved": "https://registry.npmjs.org/three/-/three-0.87.1.tgz",
          "integrity": "sha1-Rmo07cRUNFnO2bnX0na2Uhb+K6g="
        }
      }
    },
    "three": {
      "version": "0.117.1",
      "resolved": "https://registry.npmjs.org/three/-/three-0.117.1.tgz",
      "integrity": "sha512-t4zeJhlNzUIj9+ub0l6nICVimSuRTZJOqvk3Rmlu+YGdTOJ49Wna8p7aumpkXJakJfITiybfpYE1XN1o1Z34UQ=="
    },
    "webvr-polyfill": {
      "version": "0.9.41",
      "resolved": "https://registry.npmjs.org/webvr-polyfill/-/webvr-polyfill-0.9.41.tgz",
      "integrity": "sha512-xgZPm7DXd2iUn4wh+/ubh1AzYWaHlx6VCmpxgTvoKzi1sMz9ePChQvsq1tm18aUfuzs6dtMrnNWoaQIwl81QsQ=="
    }
  }
}
